
Microsoft Visual Studio Solution File, Format Version 12.00
# Visual Studio Version 17
VisualStudioVersion = 17.5.33530.505
MinimumVisualStudioVersion = 10.0.40219.1
Project("{FAE04EC0-301F-11D3-BF4B-00C04F79EFBC}") = "project2", "project2\project2.csproj", "{0384485D-CA18-4747-9493-94725D8C5F54}"
EndProject
Global
	GlobalSection(SolutionConfigurationPlatforms) = preSolution
		Debug|Any CPU = Debug|Any CPU
		Release|Any CPU = Release|Any CPU
	EndGlobalSection
	GlobalSection(ProjectConfigurationPlatforms) = postSolution
		{0384485D-CA18-4747-9493-94725D8C5F54}.Debug|Any CPU.ActiveCfg = Debug|Any CPU
		{0384485D-CA18-4747-9493-94725D8C5F54}.Debug|Any CPU.Build.0 = Debug|Any CPU
		{0384485D-CA18-4747-9493-94725D8C5F54}.Release|Any CPU.ActiveCfg = Release|Any CPU
		{0384485D-CA18-4747-9493-94725D8C5F54}.Release|Any CPU.Build.0 = Release|Any CPU
	EndGlobalSection
	GlobalSection(SolutionProperties) = preSolution
		HideSolutionNode = FALSE
	EndGlobalSection
	GlobalSection(ExtensibilityGlobals) = postSolution
		SolutionGuid = {C84714EE-1607-4131-A1AD-F6AB7614E0EA}
	EndGlobalSection
EndGlobal
